
Microsoft Visual Studio Solution File, Format Version 12.00
# Visual Studio Version 17
VisualStudioVersion = 17.8.34511.84
MinimumVisualStudioVersion = 10.0.40219.1
Project("{FAE04EC0-301F-11D3-BF4B-00C04F79EFBC}") = "WindowsFormsApp1", "WindowsFormsApp1\WindowsFormsApp1.csproj", "{33A76B22-7D97-4D6C-A674-B2A4B4321D0D}"
EndProject
Global
	GlobalSection(SolutionConfigurationPlatforms) = preSolution
		Debug|Any CPU = Debug|Any CPU
		Release|Any CPU = Release|Any CPU
	EndGlobalSection
	GlobalSection(ProjectConfigurationPlatforms) = postSolution
		{33A76B22-7D97-4D6C-A674-B2A4B4321D0D}.Debug|Any CPU.ActiveCfg = Debug|Any CPU
		{33A76B22-7D97-4D6C-A674-B2A4B4321D0D}.Debug|Any CPU.Build.0 = Debug|Any CPU
		{33A76B22-7D97-4D6C-A674-B2A4B4321D0D}.Release|Any CPU.ActiveCfg = Release|Any CPU
		{33A76B22-7D97-4D6C-A674-B2A4B4321D0D}.Release|Any CPU.Build.0 = Release|Any CPU
	EndGlobalSection
	GlobalSection(SolutionProperties) = preSolution
		HideSolutionNode = FALSE
	EndGlobalSection
	GlobalSection(ExtensibilityGlobals) = postSolution
		SolutionGuid = {FEB71C85-3650-4BE4-A496-302FDE2BF907}
	EndGlobalSection
EndGlobal
